
Microsoft Visual Studio Solution File, Format Version 12.00
# Visual Studio Version 17
VisualStudioVersion = 17.11.35208.52
MinimumVisualStudioVersion = 10.0.40219.1
Project("{FAE04EC0-301F-11D3-BF4B-00C04F79EFBC}") = "StudentDataEncryption", "StudentDataEncryption\StudentDataEncryption.csproj", "{54A1CD12-1445-4002-B2C2-CEA78E8CD3C1}"
EndProject
Global
	GlobalSection(SolutionConfigurationPlatforms) = preSolution
		Debug|Any CPU = Debug|Any CPU
		Release|Any CPU = Release|Any CPU
	EndGlobalSection
	GlobalSection(ProjectConfigurationPlatforms) = postSolution
		{54A1CD12-1445-4002-B2C2-CEA78E8CD3C1}.Debug|Any CPU.ActiveCfg = Debug|Any CPU
		{54A1CD12-1445-4002-B2C2-CEA78E8CD3C1}.Debug|Any CPU.Build.0 = Debug|Any CPU
		{54A1CD12-1445-4002-B2C2-CEA78E8CD3C1}.Release|Any CPU.ActiveCfg = Release|Any CPU
		{54A1CD12-1445-4002-B2C2-CEA78E8CD3C1}.Release|Any CPU.Build.0 = Release|Any CPU
	EndGlobalSection
	GlobalSection(SolutionProperties) = preSolution
		HideSolutionNode = FALSE
	EndGlobalSection
	GlobalSection(ExtensibilityGlobals) = postSolution
		SolutionGuid = {2CF102CC-5FD7-4712-80C6-735BE704B011}
	EndGlobalSection
EndGlobal
